
Microsoft Visual Studio Solution File, Format Version 12.00
Project("{FAE04EC0-301F-11D3-BF4B-00C04F79EFBC}") = "WebClient", "WebClient\WebClient.csproj", "{385861CA-DD3E-4227-BD41-6B3B4CADDF62}"
EndProject
Project("{FAE04EC0-301F-11D3-BF4B-00C04F79EFBC}") = "HttpClients", "HttpClients\HttpClients.csproj", "{BF488EEE-A446-419A-B33B-AF44823A62A7}"
EndProject
Project("{FAE04EC0-301F-11D3-BF4B-00C04F79EFBC}") = "WebSockets", "WebSockets\WebSockets.csproj", "{78EA1E74-475B-4D4E-ACAD-8C2A87D139F5}"
EndProject
Global
	GlobalSection(SolutionConfigurationPlatforms) = preSolution
		Debug|Any CPU = Debug|Any CPU
		Release|Any CPU = Release|Any CPU
	EndGlobalSection
	GlobalSection(ProjectConfigurationPlatforms) = postSolution
		{385861CA-DD3E-4227-BD41-6B3B4CADDF62}.Debug|Any CPU.ActiveCfg = Debug|Any CPU
		{385861CA-DD3E-4227-BD41-6B3B4CADDF62}.Debug|Any CPU.Build.0 = Debug|Any CPU
		{385861CA-DD3E-4227-BD41-6B3B4CADDF62}.Release|Any CPU.ActiveCfg = Release|Any CPU
		{385861CA-DD3E-4227-BD41-6B3B4CADDF62}.Release|Any CPU.Build.0 = Release|Any CPU
		{BF488EEE-A446-419A-B33B-AF44823A62A7}.Debug|Any CPU.ActiveCfg = Debug|Any CPU
		{BF488EEE-A446-419A-B33B-AF44823A62A7}.Debug|Any CPU.Build.0 = Debug|Any CPU
		{BF488EEE-A446-419A-B33B-AF44823A62A7}.Release|Any CPU.ActiveCfg = Release|Any CPU
		{BF488EEE-A446-419A-B33B-AF44823A62A7}.Release|Any CPU.Build.0 = Release|Any CPU
		{78EA1E74-475B-4D4E-ACAD-8C2A87D139F5}.Debug|Any CPU.ActiveCfg = Debug|Any CPU
		{78EA1E74-475B-4D4E-ACAD-8C2A87D139F5}.Debug|Any CPU.Build.0 = Debug|Any CPU
		{78EA1E74-475B-4D4E-ACAD-8C2A87D139F5}.Release|Any CPU.ActiveCfg = Release|Any CPU
		{78EA1E74-475B-4D4E-ACAD-8C2A87D139F5}.Release|Any CPU.Build.0 = Release|Any CPU
	EndGlobalSection
EndGlobal
